
Microsoft Visual Studio Solution File, Format Version 12.00
# Visual Studio Version 17
VisualStudioVersion = 17.11.35327.3
MinimumVisualStudioVersion = 10.0.40219.1
Project("{FAE04EC0-301F-11D3-BF4B-00C04F79EFBC}") = "SqlLab3", "SqlLab3\SqlLab3.csproj", "{CD177478-D994-40D8-85D3-2D64CD9DFCD4}"
EndProject
Global
	GlobalSection(SolutionConfigurationPlatforms) = preSolution
		Debug|Any CPU = Debug|Any CPU
		Release|Any CPU = Release|Any CPU
	EndGlobalSection
	GlobalSection(ProjectConfigurationPlatforms) = postSolution
		{CD177478-D994-40D8-85D3-2D64CD9DFCD4}.Debug|Any CPU.ActiveCfg = Debug|Any CPU
		{CD177478-D994-40D8-85D3-2D64CD9DFCD4}.Debug|Any CPU.Build.0 = Debug|Any CPU
		{CD177478-D994-40D8-85D3-2D64CD9DFCD4}.Release|Any CPU.ActiveCfg = Release|Any CPU
		{CD177478-D994-40D8-85D3-2D64CD9DFCD4}.Release|Any CPU.Build.0 = Release|Any CPU
	EndGlobalSection
	GlobalSection(SolutionProperties) = preSolution
		HideSolutionNode = FALSE
	EndGlobalSection
	GlobalSection(ExtensibilityGlobals) = postSolution
		SolutionGuid = {29C5412A-5FC2-4C0C-8331-03B2853FF4F9}
	EndGlobalSection
EndGlobal
